
Microsoft Visual Studio Solution File, Format Version 12.00
# Visual Studio Version 16
VisualStudioVersion = 16.0.30907.101
MinimumVisualStudioVersion = 10.0.40219.1
Project("{FAE04EC0-301F-11D3-BF4B-00C04F79EFBC}") = "Metodlar", "Metodlar\Metodlar.csproj", "{6A893B25-E4A1-47E0-9A4E-949CD10E3733}"
EndProject
Project("{FAE04EC0-301F-11D3-BF4B-00C04F79EFBC}") = "Matematik", "Matematik\Matematik.csproj", "{AD02FF8A-E8E5-4AC6-9577-679BA957AB7E}"
EndProject
Project("{FAE04EC0-301F-11D3-BF4B-00C04F79EFBC}") = "DegerVeReferansTipler", "DegerVeReferansTipler\DegerVeReferansTipler.csproj", "{8A2B9FC4-CBE4-4649-AC03-58E3C1A1225A}"
EndProject
Global
	GlobalSection(SolutionConfigurationPlatforms) = preSolution
		Debug|Any CPU = Debug|Any CPU
		Release|Any CPU = Release|Any CPU
	EndGlobalSection
	GlobalSection(ProjectConfigurationPlatforms) = postSolution
		{6A893B25-E4A1-47E0-9A4E-949CD10E3733}.Debug|Any CPU.ActiveCfg = Debug|Any CPU
		{6A893B25-E4A1-47E0-9A4E-949CD10E3733}.Debug|Any CPU.Build.0 = Debug|Any CPU
		{6A893B25-E4A1-47E0-9A4E-949CD10E3733}.Release|Any CPU.ActiveCfg = Release|Any CPU
		{6A893B25-E4A1-47E0-9A4E-949CD10E3733}.Release|Any CPU.Build.0 = Release|Any CPU
		{AD02FF8A-E8E5-4AC6-9577-679BA957AB7E}.Debug|Any CPU.ActiveCfg = Debug|Any CPU
		{AD02FF8A-E8E5-4AC6-9577-679BA957AB7E}.Debug|Any CPU.Build.0 = Debug|Any CPU
		{AD02FF8A-E8E5-4AC6-9577-679BA957AB7E}.Release|Any CPU.ActiveCfg = Release|Any CPU
		{AD02FF8A-E8E5-4AC6-9577-679BA957AB7E}.Release|Any CPU.Build.0 = Release|Any CPU
		{8A2B9FC4-CBE4-4649-AC03-58E3C1A1225A}.Debug|Any CPU.ActiveCfg = Debug|Any CPU
		{8A2B9FC4-CBE4-4649-AC03-58E3C1A1225A}.Debug|Any CPU.Build.0 = Debug|Any CPU
		{8A2B9FC4-CBE4-4649-AC03-58E3C1A1225A}.Release|Any CPU.ActiveCfg = Release|Any CPU
		{8A2B9FC4-CBE4-4649-AC03-58E3C1A1225A}.Release|Any CPU.Build.0 = Release|Any CPU
	EndGlobalSection
	GlobalSection(SolutionProperties) = preSolution
		HideSolutionNode = FALSE
	EndGlobalSection
	GlobalSection(ExtensibilityGlobals) = postSolution
		SolutionGuid = {3350508A-228E-408B-985F-24215A222CA0}
	EndGlobalSection
EndGlobal
